
Microsoft Visual Studio Solution File, Format Version 12.00
# Visual Studio 15
VisualStudioVersion = 15.0.26124.0
MinimumVisualStudioVersion = 15.0.26124.0
Project("{2150E333-8FDC-42A3-9474-1A3956D46DE8}") = "1.Host", "1.Host", "{E198135A-7395-4F7A-A5C5-4F95ED956EF1}"
EndProject
Project("{2150E333-8FDC-42A3-9474-1A3956D46DE8}") = "2.Api", "2.Api", "{81FE4F7E-9382-464E-92E3-F5963DBC2435}"
EndProject
Project("{FAE04EC0-301F-11D3-BF4B-00C04F79EFBC}") = "OrdersApp.Api.Core", "2.Api\OrdersApp.Api.Core\OrdersApp.Api.Core.csproj", "{676E7692-CC91-45CE-BBAB-A733AFB64CDF}"
EndProject
Project("{FAE04EC0-301F-11D3-BF4B-00C04F79EFBC}") = "OrdersApp.Host", "1.Host\OrdersApp.Host\OrdersApp.Host.csproj", "{AF1AD9A6-2254-43CC-B2B0-AFBBB95EF1CF}"
EndProject
Project("{2150E333-8FDC-42A3-9474-1A3956D46DE8}") = "3.Services", "3.Services", "{3AA430D8-4F73-49B9-B41C-06B68276268A}"
EndProject
Project("{2150E333-8FDC-42A3-9474-1A3956D46DE8}") = "4.Domain", "4.Domain", "{88F6F091-2AFC-4744-9487-A81F4481B921}"
EndProject
Project("{9A19103F-16F7-4668-BE54-9A1E7A4F7556}") = "OrdersApp.Services.Contracts", "3.Services\OrdersApp.Services.Contracts\OrdersApp.Services.Contracts.csproj", "{FE82E22D-297D-4E6D-9036-EA529BDC41FB}"
EndProject
Project("{FAE04EC0-301F-11D3-BF4B-00C04F79EFBC}") = "OrdersApp.Domain.Core", "4.Domain\OrdersApp.Domain.Core\OrdersApp.Domain.Core.csproj", "{129799EB-A419-43BD-B918-8EA2BF3E2DC7}"
EndProject
Project("{FAE04EC0-301F-11D3-BF4B-00C04F79EFBC}") = "OrdersApp.Domain.Models", "4.Domain\OrdersApp.Domain.Models\OrdersApp.Domain.Models.csproj", "{52DE6044-98F6-41DD-A19F-77FFF435656F}"
EndProject
Project("{FAE04EC0-301F-11D3-BF4B-00C04F79EFBC}") = "OrdersApp.Services.MemoryServices", "3.Services\OrdersApp.Services.MemoryServices\OrdersApp.Services.MemoryServices.csproj", "{BCF0400D-536E-484A-B35E-4D3991991176}"
EndProject
Project("{FAE04EC0-301F-11D3-BF4B-00C04F79EFBC}") = "OrdersApp.Domain.Data", "4.Domain\OrdersApp.Domain.Data\OrdersApp.Domain.Data.csproj", "{ECF0B163-83FA-4F7D-A4B7-A99DE743D937}"
EndProject
Project("{FAE04EC0-301F-11D3-BF4B-00C04F79EFBC}") = "OrdersApp.Api.Configuration", "2.Api\OrdersApp.Api.Configuration\OrdersApp.Api.Configuration.csproj", "{ED4BA11A-A572-4CB8-A530-05DC8EB3C158}"
EndProject
Global
	GlobalSection(SolutionConfigurationPlatforms) = preSolution
		Debug|Any CPU = Debug|Any CPU
		Debug|x64 = Debug|x64
		Debug|x86 = Debug|x86
		Release|Any CPU = Release|Any CPU
		Release|x64 = Release|x64
		Release|x86 = Release|x86
	EndGlobalSection
	GlobalSection(ProjectConfigurationPlatforms) = postSolution
		{676E7692-CC91-45CE-BBAB-A733AFB64CDF}.Debug|Any CPU.ActiveCfg = Debug|Any CPU
		{676E7692-CC91-45CE-BBAB-A733AFB64CDF}.Debug|Any CPU.Build.0 = Debug|Any CPU
		{676E7692-CC91-45CE-BBAB-A733AFB64CDF}.Debug|x64.ActiveCfg = Debug|Any CPU
		{676E7692-CC91-45CE-BBAB-A733AFB64CDF}.Debug|x64.Build.0 = Debug|Any CPU
		{676E7692-CC91-45CE-BBAB-A733AFB64CDF}.Debug|x86.ActiveCfg = Debug|Any CPU
		{676E7692-CC91-45CE-BBAB-A733AFB64CDF}.Debug|x86.Build.0 = Debug|Any CPU
		{676E7692-CC91-45CE-BBAB-A733AFB64CDF}.Release|Any CPU.ActiveCfg = Release|Any CPU
		{676E7692-CC91-45CE-BBAB-A733AFB64CDF}.Release|Any CPU.Build.0 = Release|Any CPU
		{676E7692-CC91-45CE-BBAB-A733AFB64CDF}.Release|x64.ActiveCfg = Release|Any CPU
		{676E7692-CC91-45CE-BBAB-A733AFB64CDF}.Release|x64.Build.0 = Release|Any CPU
		{676E7692-CC91-45CE-BBAB-A733AFB64CDF}.Release|x86.ActiveCfg = Release|Any CPU
		{676E7692-CC91-45CE-BBAB-A733AFB64CDF}.Release|x86.Build.0 = Release|Any CPU
		{AF1AD9A6-2254-43CC-B2B0-AFBBB95EF1CF}.Debug|Any CPU.ActiveCfg = Debug|Any CPU
		{AF1AD9A6-2254-43CC-B2B0-AFBBB95EF1CF}.Debug|Any CPU.Build.0 = Debug|Any CPU
		{AF1AD9A6-2254-43CC-B2B0-AFBBB95EF1CF}.Debug|x64.ActiveCfg = Debug|Any CPU
		{AF1AD9A6-2254-43CC-B2B0-AFBBB95EF1CF}.Debug|x64.Build.0 = Debug|Any CPU
		{AF1AD9A6-2254-43CC-B2B0-AFBBB95EF1CF}.Debug|x86.ActiveCfg = Debug|Any CPU
		{AF1AD9A6-2254-43CC-B2B0-AFBBB95EF1CF}.Debug|x86.Build.0 = Debug|Any CPU
		{AF1AD9A6-2254-43CC-B2B0-AFBBB95EF1CF}.Release|Any CPU.ActiveCfg = Release|Any CPU
		{AF1AD9A6-2254-43CC-B2B0-AFBBB95EF1CF}.Release|Any CPU.Build.0 = Release|Any CPU
		{AF1AD9A6-2254-43CC-B2B0-AFBBB95EF1CF}.Release|x64.ActiveCfg = Release|Any CPU
		{AF1AD9A6-2254-43CC-B2B0-AFBBB95EF1CF}.Release|x64.Build.0 = Release|Any CPU
		{AF1AD9A6-2254-43CC-B2B0-AFBBB95EF1CF}.Release|x86.ActiveCfg = Release|Any CPU
		{AF1AD9A6-2254-43CC-B2B0-AFBBB95EF1CF}.Release|x86.Build.0 = Release|Any CPU
		{FE82E22D-297D-4E6D-9036-EA529BDC41FB}.Debug|Any CPU.ActiveCfg = Debug|Any CPU
		{FE82E22D-297D-4E6D-9036-EA529BDC41FB}.Debug|Any CPU.Build.0 = Debug|Any CPU
		{FE82E22D-297D-4E6D-9036-EA529BDC41FB}.Debug|x64.ActiveCfg = Debug|Any CPU
		{FE82E22D-297D-4E6D-9036-EA529BDC41FB}.Debug|x64.Build.0 = Debug|Any CPU
		{FE82E22D-297D-4E6D-9036-EA529BDC41FB}.Debug|x86.ActiveCfg = Debug|Any CPU
		{FE82E22D-297D-4E6D-9036-EA529BDC41FB}.Debug|x86.Build.0 = Debug|Any CPU
		{FE82E22D-297D-4E6D-9036-EA529BDC41FB}.Release|Any CPU.ActiveCfg = Release|Any CPU
		{FE82E22D-297D-4E6D-9036-EA529BDC41FB}.Release|Any CPU.Build.0 = Release|Any CPU
		{FE82E22D-297D-4E6D-9036-EA529BDC41FB}.Release|x64.ActiveCfg = Release|Any CPU
		{FE82E22D-297D-4E6D-9036-EA529BDC41FB}.Release|x64.Build.0 = Release|Any CPU
		{FE82E22D-297D-4E6D-9036-EA529BDC41FB}.Release|x86.ActiveCfg = Release|Any CPU
		{FE82E22D-297D-4E6D-9036-EA529BDC41FB}.Release|x86.Build.0 = Release|Any CPU
		{129799EB-A419-43BD-B918-8EA2BF3E2DC7}.Debug|Any CPU.ActiveCfg = Debug|Any CPU
		{129799EB-A419-43BD-B918-8EA2BF3E2DC7}.Debug|Any CPU.Build.0 = Debug|Any CPU
		{129799EB-A419-43BD-B918-8EA2BF3E2DC7}.Debug|x64.ActiveCfg = Debug|Any CPU
		{129799EB-A419-43BD-B918-8EA2BF3E2DC7}.Debug|x64.Build.0 = Debug|Any CPU
		{129799EB-A419-43BD-B918-8EA2BF3E2DC7}.Debug|x86.ActiveCfg = Debug|Any CPU
		{129799EB-A419-43BD-B918-8EA2BF3E2DC7}.Debug|x86.Build.0 = Debug|Any CPU
		{129799EB-A419-43BD-B918-8EA2BF3E2DC7}.Release|Any CPU.ActiveCfg = Release|Any CPU
		{129799EB-A419-43BD-B918-8EA2BF3E2DC7}.Release|Any CPU.Build.0 = Release|Any CPU
		{129799EB-A419-43BD-B918-8EA2BF3E2DC7}.Release|x64.ActiveCfg = Release|Any CPU
		{129799EB-A419-43BD-B918-8EA2BF3E2DC7}.Release|x64.Build.0 = Release|Any CPU
		{129799EB-A419-43BD-B918-8EA2BF3E2DC7}.Release|x86.ActiveCfg = Release|Any CPU
		{129799EB-A419-43BD-B918-8EA2BF3E2DC7}.Release|x86.Build.0 = Release|Any CPU
		{52DE6044-98F6-41DD-A19F-77FFF435656F}.Debug|Any CPU.ActiveCfg = Debug|Any CPU
		{52DE6044-98F6-41DD-A19F-77FFF435656F}.Debug|Any CPU.Build.0 = Debug|Any CPU
		{52DE6044-98F6-41DD-A19F-77FFF435656F}.Debug|x64.ActiveCfg = Debug|Any CPU
		{52DE6044-98F6-41DD-A19F-77FFF435656F}.Debug|x64.Build.0 = Debug|Any CPU
		{52DE6044-98F6-41DD-A19F-77FFF435656F}.Debug|x86.ActiveCfg = Debug|Any CPU
		{52DE6044-98F6-41DD-A19F-77FFF435656F}.Debug|x86.Build.0 = Debug|Any CPU
		{52DE6044-98F6-41DD-A19F-77FFF435656F}.Release|Any CPU.ActiveCfg = Release|Any CPU
		{52DE6044-98F6-41DD-A19F-77FFF435656F}.Release|Any CPU.Build.0 = Release|Any CPU
		{52DE6044-98F6-41DD-A19F-77FFF435656F}.Release|x64.ActiveCfg = Release|Any CPU
		{52DE6044-98F6-41DD-A19F-77FFF435656F}.Release|x64.Build.0 = Release|Any CPU
		{52DE6044-98F6-41DD-A19F-77FFF435656F}.Release|x86.ActiveCfg = Release|Any CPU
		{52DE6044-98F6-41DD-A19F-77FFF435656F}.Release|x86.Build.0 = Release|Any CPU
		{BCF0400D-536E-484A-B35E-4D3991991176}.Debug|Any CPU.ActiveCfg = Debug|Any CPU
		{BCF0400D-536E-484A-B35E-4D3991991176}.Debug|Any CPU.Build.0 = Debug|Any CPU
		{BCF0400D-536E-484A-B35E-4D3991991176}.Debug|x64.ActiveCfg = Debug|Any CPU
		{BCF0400D-536E-484A-B35E-4D3991991176}.Debug|x64.Build.0 = Debug|Any CPU
		{BCF0400D-536E-484A-B35E-4D3991991176}.Debug|x86.ActiveCfg = Debug|Any CPU
		{BCF0400D-536E-484A-B35E-4D3991991176}.Debug|x86.Build.0 = Debug|Any CPU
		{BCF0400D-536E-484A-B35E-4D3991991176}.Release|Any CPU.ActiveCfg = Release|Any CPU
		{BCF0400D-536E-484A-B35E-4D3991991176}.Release|Any CPU.Build.0 = Release|Any CPU
		{BCF0400D-536E-484A-B35E-4D3991991176}.Release|x64.ActiveCfg = Release|Any CPU
		{BCF0400D-536E-484A-B35E-4D3991991176}.Release|x64.Build.0 = Release|Any CPU
		{BCF0400D-536E-484A-B35E-4D3991991176}.Release|x86.ActiveCfg = Release|Any CPU
		{BCF0400D-536E-484A-B35E-4D3991991176}.Release|x86.Build.0 = Release|Any CPU
		{ECF0B163-83FA-4F7D-A4B7-A99DE743D937}.Debug|Any CPU.ActiveCfg = Debug|Any CPU
		{ECF0B163-83FA-4F7D-A4B7-A99DE743D937}.Debug|Any CPU.Build.0 = Debug|Any CPU
		{ECF0B163-83FA-4F7D-A4B7-A99DE743D937}.Debug|x64.ActiveCfg = Debug|Any CPU
		{ECF0B163-83FA-4F7D-A4B7-A99DE743D937}.Debug|x64.Build.0 = Debug|Any CPU
		{ECF0B163-83FA-4F7D-A4B7-A99DE743D937}.Debug|x86.ActiveCfg = Debug|Any CPU
		{ECF0B163-83FA-4F7D-A4B7-A99DE743D937}.Debug|x86.Build.0 = Debug|Any CPU
		{ECF0B163-83FA-4F7D-A4B7-A99DE743D937}.Release|Any CPU.ActiveCfg = Release|Any CPU
		{ECF0B163-83FA-4F7D-A4B7-A99DE743D937}.Release|Any CPU.Build.0 = Release|Any CPU
		{ECF0B163-83FA-4F7D-A4B7-A99DE743D937}.Release|x64.ActiveCfg = Release|Any CPU
		{ECF0B163-83FA-4F7D-A4B7-A99DE743D937}.Release|x64.Build.0 = Release|Any CPU
		{ECF0B163-83FA-4F7D-A4B7-A99DE743D937}.Release|x86.ActiveCfg = Release|Any CPU
		{ECF0B163-83FA-4F7D-A4B7-A99DE743D937}.Release|x86.Build.0 = Release|Any CPU
		{ED4BA11A-A572-4CB8-A530-05DC8EB3C158}.Debug|Any CPU.ActiveCfg = Debug|Any CPU
		{ED4BA11A-A572-4CB8-A530-05DC8EB3C158}.Debug|Any CPU.Build.0 = Debug|Any CPU
		{ED4BA11A-A572-4CB8-A530-05DC8EB3C158}.Debug|x64.ActiveCfg = Debug|Any CPU
		{ED4BA11A-A572-4CB8-A530-05DC8EB3C158}.Debug|x64.Build.0 = Debug|Any CPU
		{ED4BA11A-A572-4CB8-A530-05DC8EB3C158}.Debug|x86.ActiveCfg = Debug|Any CPU
		{ED4BA11A-A572-4CB8-A530-05DC8EB3C158}.Debug|x86.Build.0 = Debug|Any CPU
		{ED4BA11A-A572-4CB8-A530-05DC8EB3C158}.Release|Any CPU.ActiveCfg = Release|Any CPU
		{ED4BA11A-A572-4CB8-A530-05DC8EB3C158}.Release|Any CPU.Build.0 = Release|Any CPU
		{ED4BA11A-A572-4CB8-A530-05DC8EB3C158}.Release|x64.ActiveCfg = Release|Any CPU
		{ED4BA11A-A572-4CB8-A530-05DC8EB3C158}.Release|x64.Build.0 = Release|Any CPU
		{ED4BA11A-A572-4CB8-A530-05DC8EB3C158}.Release|x86.ActiveCfg = Release|Any CPU
		{ED4BA11A-A572-4CB8-A530-05DC8EB3C158}.Release|x86.Build.0 = Release|Any CPU
	EndGlobalSection
	GlobalSection(SolutionProperties) = preSolution
		HideSolutionNode = FALSE
	EndGlobalSection
	GlobalSection(NestedProjects) = preSolution
		{676E7692-CC91-45CE-BBAB-A733AFB64CDF} = {81FE4F7E-9382-464E-92E3-F5963DBC2435}
		{AF1AD9A6-2254-43CC-B2B0-AFBBB95EF1CF} = {E198135A-7395-4F7A-A5C5-4F95ED956EF1}
		{FE82E22D-297D-4E6D-9036-EA529BDC41FB} = {3AA430D8-4F73-49B9-B41C-06B68276268A}
		{129799EB-A419-43BD-B918-8EA2BF3E2DC7} = {88F6F091-2AFC-4744-9487-A81F4481B921}
		{52DE6044-98F6-41DD-A19F-77FFF435656F} = {88F6F091-2AFC-4744-9487-A81F4481B921}
		{BCF0400D-536E-484A-B35E-4D3991991176} = {3AA430D8-4F73-49B9-B41C-06B68276268A}
		{ECF0B163-83FA-4F7D-A4B7-A99DE743D937} = {88F6F091-2AFC-4744-9487-A81F4481B921}
		{ED4BA11A-A572-4CB8-A530-05DC8EB3C158} = {81FE4F7E-9382-464E-92E3-F5963DBC2435}
	EndGlobalSection
	GlobalSection(ExtensibilityGlobals) = postSolution
		SolutionGuid = {F6EC2F82-0CB4-4814-B9C4-7892656DCE0A}
	EndGlobalSection
EndGlobal
