
Microsoft Visual Studio Solution File, Format Version 12.00
# Visual Studio 15
VisualStudioVersion = 15.0.26124.0
MinimumVisualStudioVersion = 15.0.26124.0
Project("{2150E333-8FDC-42A3-9474-1A3956D46DE8}") = "src", "src", "{90A763B0-FA1A-4931-A7F2-E4329A07E8A4}"
EndProject
Project("{2150E333-8FDC-42A3-9474-1A3956D46DE8}") = "1.Host", "1.Host", "{69BD4763-4BFD-4C54-BE59-4883138A0925}"
EndProject
Project("{9A19103F-16F7-4668-BE54-9A1E7A4F7556}") = "OrdersApp.Host", "src\1.Host\OrdersApp.Host\OrdersApp.Host.csproj", "{334C0E8C-7347-4C04-ACA3-FCE9C95F8928}"
EndProject
Project("{2150E333-8FDC-42A3-9474-1A3956D46DE8}") = "2.Api", "2.Api", "{4380AC51-6B86-4A8E-9D08-4AE4A7DCB7A4}"
EndProject
Project("{9A19103F-16F7-4668-BE54-9A1E7A4F7556}") = "OrdersApp.Api.Core", "src\2.Api\OrdersApp.Api.Core\OrdersApp.Api.Core.csproj", "{D031E4A2-0740-4DD9-B4FF-BB59139C7DDE}"
EndProject
Project("{9A19103F-16F7-4668-BE54-9A1E7A4F7556}") = "OrdersApp.Api.Configuration", "src\2.Api\OrdersApp.Api.Configuration\OrdersApp.Api.Configuration.csproj", "{2FBBD62D-7F29-4DB2-82FC-D3A5CB302AA6}"
EndProject
Project("{2150E333-8FDC-42A3-9474-1A3956D46DE8}") = "3.Services", "3.Services", "{B4E1F865-16C6-4B96-8FD7-CA87D2232A08}"
EndProject
Project("{9A19103F-16F7-4668-BE54-9A1E7A4F7556}") = "OrdersApp.Services.Contracts", "src\3.Services\OrdersApp.Services.Contracts\OrdersApp.Services.Contracts.csproj", "{4A5055B0-C85C-4B3F-987A-C2C616C2110A}"
EndProject
Project("{9A19103F-16F7-4668-BE54-9A1E7A4F7556}") = "OrdersApp.Services.Core", "src\3.Services\OrdersApp.Services.Core\OrdersApp.Services.Core.csproj", "{37708DEB-5479-4CA5-9625-6E0C26D21BEE}"
EndProject
Project("{9A19103F-16F7-4668-BE54-9A1E7A4F7556}") = "OrdersApp.Services.Commands", "src\3.Services\OrdersApp.Services.Commands\OrdersApp.Services.Commands.csproj", "{073171A8-65F1-4D90-9300-F158228B156F}"
EndProject
Project("{9A19103F-16F7-4668-BE54-9A1E7A4F7556}") = "OrdersApp.Services.Queries", "src\3.Services\OrdersApp.Services.Queries\OrdersApp.Services.Queries.csproj", "{5E593E8F-9B40-42E7-AA60-F8EDC2A7316A}"
EndProject
Project("{2150E333-8FDC-42A3-9474-1A3956D46DE8}") = "4.Domain", "4.Domain", "{097B182A-E635-4EDE-A27A-A11B7385009C}"
EndProject
Project("{9A19103F-16F7-4668-BE54-9A1E7A4F7556}") = "OrdersApp.Domain.Core", "src\4.Domain\OrdersApp.Domain.Core\OrdersApp.Domain.Core.csproj", "{9D238188-60A4-4C63-9996-D187E4C93844}"
EndProject
Project("{9A19103F-16F7-4668-BE54-9A1E7A4F7556}") = "OrdersApp.Domain.Models", "src\4.Domain\OrdersApp.Domain.Models\OrdersApp.Domain.Models.csproj", "{A2CDB3C6-A1A6-4355-AA58-401576B286D9}"
EndProject
Project("{9A19103F-16F7-4668-BE54-9A1E7A4F7556}") = "OrdersApp.Domain.Data", "src\4.Domain\OrdersApp.Domain.Data\OrdersApp.Domain.Data.csproj", "{76D0E84B-FE62-4A49-A959-E206A572D8C2}"
EndProject
Project("{2150E333-8FDC-42A3-9474-1A3956D46DE8}") = "test", "test", "{361AC86F-5583-4B28-9258-1FE41AFF6934}"
EndProject
Project("{2150E333-8FDC-42A3-9474-1A3956D46DE8}") = "ApiTests", "ApiTests", "{101D7C3C-6646-45BB-932C-97E878F69CA9}"
EndProject
Project("{9A19103F-16F7-4668-BE54-9A1E7A4F7556}") = "OrdersApp.ApiTests", "test\ApiTests\OrdersApp.ApiTests\OrdersApp.ApiTests.csproj", "{3686194D-2D90-4C77-89C5-71FB9BCA68D0}"
EndProject
Global
	GlobalSection(SolutionConfigurationPlatforms) = preSolution
		Debug|Any CPU = Debug|Any CPU
		Debug|x64 = Debug|x64
		Debug|x86 = Debug|x86
		Release|Any CPU = Release|Any CPU
		Release|x64 = Release|x64
		Release|x86 = Release|x86
	EndGlobalSection
	GlobalSection(ProjectConfigurationPlatforms) = postSolution
		{334C0E8C-7347-4C04-ACA3-FCE9C95F8928}.Debug|Any CPU.ActiveCfg = Debug|Any CPU
		{334C0E8C-7347-4C04-ACA3-FCE9C95F8928}.Debug|Any CPU.Build.0 = Debug|Any CPU
		{334C0E8C-7347-4C04-ACA3-FCE9C95F8928}.Debug|x64.ActiveCfg = Debug|Any CPU
		{334C0E8C-7347-4C04-ACA3-FCE9C95F8928}.Debug|x64.Build.0 = Debug|Any CPU
		{334C0E8C-7347-4C04-ACA3-FCE9C95F8928}.Debug|x86.ActiveCfg = Debug|Any CPU
		{334C0E8C-7347-4C04-ACA3-FCE9C95F8928}.Debug|x86.Build.0 = Debug|Any CPU
		{334C0E8C-7347-4C04-ACA3-FCE9C95F8928}.Release|Any CPU.ActiveCfg = Release|Any CPU
		{334C0E8C-7347-4C04-ACA3-FCE9C95F8928}.Release|Any CPU.Build.0 = Release|Any CPU
		{334C0E8C-7347-4C04-ACA3-FCE9C95F8928}.Release|x64.ActiveCfg = Release|Any CPU
		{334C0E8C-7347-4C04-ACA3-FCE9C95F8928}.Release|x64.Build.0 = Release|Any CPU
		{334C0E8C-7347-4C04-ACA3-FCE9C95F8928}.Release|x86.ActiveCfg = Release|Any CPU
		{334C0E8C-7347-4C04-ACA3-FCE9C95F8928}.Release|x86.Build.0 = Release|Any CPU
		{D031E4A2-0740-4DD9-B4FF-BB59139C7DDE}.Debug|Any CPU.ActiveCfg = Debug|Any CPU
		{D031E4A2-0740-4DD9-B4FF-BB59139C7DDE}.Debug|Any CPU.Build.0 = Debug|Any CPU
		{D031E4A2-0740-4DD9-B4FF-BB59139C7DDE}.Debug|x64.ActiveCfg = Debug|Any CPU
		{D031E4A2-0740-4DD9-B4FF-BB59139C7DDE}.Debug|x64.Build.0 = Debug|Any CPU
		{D031E4A2-0740-4DD9-B4FF-BB59139C7DDE}.Debug|x86.ActiveCfg = Debug|Any CPU
		{D031E4A2-0740-4DD9-B4FF-BB59139C7DDE}.Debug|x86.Build.0 = Debug|Any CPU
		{D031E4A2-0740-4DD9-B4FF-BB59139C7DDE}.Release|Any CPU.ActiveCfg = Release|Any CPU
		{D031E4A2-0740-4DD9-B4FF-BB59139C7DDE}.Release|Any CPU.Build.0 = Release|Any CPU
		{D031E4A2-0740-4DD9-B4FF-BB59139C7DDE}.Release|x64.ActiveCfg = Release|Any CPU
		{D031E4A2-0740-4DD9-B4FF-BB59139C7DDE}.Release|x64.Build.0 = Release|Any CPU
		{D031E4A2-0740-4DD9-B4FF-BB59139C7DDE}.Release|x86.ActiveCfg = Release|Any CPU
		{D031E4A2-0740-4DD9-B4FF-BB59139C7DDE}.Release|x86.Build.0 = Release|Any CPU
		{2FBBD62D-7F29-4DB2-82FC-D3A5CB302AA6}.Debug|Any CPU.ActiveCfg = Debug|Any CPU
		{2FBBD62D-7F29-4DB2-82FC-D3A5CB302AA6}.Debug|Any CPU.Build.0 = Debug|Any CPU
		{2FBBD62D-7F29-4DB2-82FC-D3A5CB302AA6}.Debug|x64.ActiveCfg = Debug|Any CPU
		{2FBBD62D-7F29-4DB2-82FC-D3A5CB302AA6}.Debug|x64.Build.0 = Debug|Any CPU
		{2FBBD62D-7F29-4DB2-82FC-D3A5CB302AA6}.Debug|x86.ActiveCfg = Debug|Any CPU
		{2FBBD62D-7F29-4DB2-82FC-D3A5CB302AA6}.Debug|x86.Build.0 = Debug|Any CPU
		{2FBBD62D-7F29-4DB2-82FC-D3A5CB302AA6}.Release|Any CPU.ActiveCfg = Release|Any CPU
		{2FBBD62D-7F29-4DB2-82FC-D3A5CB302AA6}.Release|Any CPU.Build.0 = Release|Any CPU
		{2FBBD62D-7F29-4DB2-82FC-D3A5CB302AA6}.Release|x64.ActiveCfg = Release|Any CPU
		{2FBBD62D-7F29-4DB2-82FC-D3A5CB302AA6}.Release|x64.Build.0 = Release|Any CPU
		{2FBBD62D-7F29-4DB2-82FC-D3A5CB302AA6}.Release|x86.ActiveCfg = Release|Any CPU
		{2FBBD62D-7F29-4DB2-82FC-D3A5CB302AA6}.Release|x86.Build.0 = Release|Any CPU
		{4A5055B0-C85C-4B3F-987A-C2C616C2110A}.Debug|Any CPU.ActiveCfg = Debug|Any CPU
		{4A5055B0-C85C-4B3F-987A-C2C616C2110A}.Debug|Any CPU.Build.0 = Debug|Any CPU
		{4A5055B0-C85C-4B3F-987A-C2C616C2110A}.Debug|x64.ActiveCfg = Debug|Any CPU
		{4A5055B0-C85C-4B3F-987A-C2C616C2110A}.Debug|x64.Build.0 = Debug|Any CPU
		{4A5055B0-C85C-4B3F-987A-C2C616C2110A}.Debug|x86.ActiveCfg = Debug|Any CPU
		{4A5055B0-C85C-4B3F-987A-C2C616C2110A}.Debug|x86.Build.0 = Debug|Any CPU
		{4A5055B0-C85C-4B3F-987A-C2C616C2110A}.Release|Any CPU.ActiveCfg = Release|Any CPU
		{4A5055B0-C85C-4B3F-987A-C2C616C2110A}.Release|Any CPU.Build.0 = Release|Any CPU
		{4A5055B0-C85C-4B3F-987A-C2C616C2110A}.Release|x64.ActiveCfg = Release|Any CPU
		{4A5055B0-C85C-4B3F-987A-C2C616C2110A}.Release|x64.Build.0 = Release|Any CPU
		{4A5055B0-C85C-4B3F-987A-C2C616C2110A}.Release|x86.ActiveCfg = Release|Any CPU
		{4A5055B0-C85C-4B3F-987A-C2C616C2110A}.Release|x86.Build.0 = Release|Any CPU
		{37708DEB-5479-4CA5-9625-6E0C26D21BEE}.Debug|Any CPU.ActiveCfg = Debug|Any CPU
		{37708DEB-5479-4CA5-9625-6E0C26D21BEE}.Debug|Any CPU.Build.0 = Debug|Any CPU
		{37708DEB-5479-4CA5-9625-6E0C26D21BEE}.Debug|x64.ActiveCfg = Debug|Any CPU
		{37708DEB-5479-4CA5-9625-6E0C26D21BEE}.Debug|x64.Build.0 = Debug|Any CPU
		{37708DEB-5479-4CA5-9625-6E0C26D21BEE}.Debug|x86.ActiveCfg = Debug|Any CPU
		{37708DEB-5479-4CA5-9625-6E0C26D21BEE}.Debug|x86.Build.0 = Debug|Any CPU
		{37708DEB-5479-4CA5-9625-6E0C26D21BEE}.Release|Any CPU.ActiveCfg = Release|Any CPU
		{37708DEB-5479-4CA5-9625-6E0C26D21BEE}.Release|Any CPU.Build.0 = Release|Any CPU
		{37708DEB-5479-4CA5-9625-6E0C26D21BEE}.Release|x64.ActiveCfg = Release|Any CPU
		{37708DEB-5479-4CA5-9625-6E0C26D21BEE}.Release|x64.Build.0 = Release|Any CPU
		{37708DEB-5479-4CA5-9625-6E0C26D21BEE}.Release|x86.ActiveCfg = Release|Any CPU
		{37708DEB-5479-4CA5-9625-6E0C26D21BEE}.Release|x86.Build.0 = Release|Any CPU
		{073171A8-65F1-4D90-9300-F158228B156F}.Debug|Any CPU.ActiveCfg = Debug|Any CPU
		{073171A8-65F1-4D90-9300-F158228B156F}.Debug|Any CPU.Build.0 = Debug|Any CPU
		{073171A8-65F1-4D90-9300-F158228B156F}.Debug|x64.ActiveCfg = Debug|Any CPU
		{073171A8-65F1-4D90-9300-F158228B156F}.Debug|x64.Build.0 = Debug|Any CPU
		{073171A8-65F1-4D90-9300-F158228B156F}.Debug|x86.ActiveCfg = Debug|Any CPU
		{073171A8-65F1-4D90-9300-F158228B156F}.Debug|x86.Build.0 = Debug|Any CPU
		{073171A8-65F1-4D90-9300-F158228B156F}.Release|Any CPU.ActiveCfg = Release|Any CPU
		{073171A8-65F1-4D90-9300-F158228B156F}.Release|Any CPU.Build.0 = Release|Any CPU
		{073171A8-65F1-4D90-9300-F158228B156F}.Release|x64.ActiveCfg = Release|Any CPU
		{073171A8-65F1-4D90-9300-F158228B156F}.Release|x64.Build.0 = Release|Any CPU
		{073171A8-65F1-4D90-9300-F158228B156F}.Release|x86.ActiveCfg = Release|Any CPU
		{073171A8-65F1-4D90-9300-F158228B156F}.Release|x86.Build.0 = Release|Any CPU
		{5E593E8F-9B40-42E7-AA60-F8EDC2A7316A}.Debug|Any CPU.ActiveCfg = Debug|Any CPU
		{5E593E8F-9B40-42E7-AA60-F8EDC2A7316A}.Debug|Any CPU.Build.0 = Debug|Any CPU
		{5E593E8F-9B40-42E7-AA60-F8EDC2A7316A}.Debug|x64.ActiveCfg = Debug|Any CPU
		{5E593E8F-9B40-42E7-AA60-F8EDC2A7316A}.Debug|x64.Build.0 = Debug|Any CPU
		{5E593E8F-9B40-42E7-AA60-F8EDC2A7316A}.Debug|x86.ActiveCfg = Debug|Any CPU
		{5E593E8F-9B40-42E7-AA60-F8EDC2A7316A}.Debug|x86.Build.0 = Debug|Any CPU
		{5E593E8F-9B40-42E7-AA60-F8EDC2A7316A}.Release|Any CPU.ActiveCfg = Release|Any CPU
		{5E593E8F-9B40-42E7-AA60-F8EDC2A7316A}.Release|Any CPU.Build.0 = Release|Any CPU
		{5E593E8F-9B40-42E7-AA60-F8EDC2A7316A}.Release|x64.ActiveCfg = Release|Any CPU
		{5E593E8F-9B40-42E7-AA60-F8EDC2A7316A}.Release|x64.Build.0 = Release|Any CPU
		{5E593E8F-9B40-42E7-AA60-F8EDC2A7316A}.Release|x86.ActiveCfg = Release|Any CPU
		{5E593E8F-9B40-42E7-AA60-F8EDC2A7316A}.Release|x86.Build.0 = Release|Any CPU
		{9D238188-60A4-4C63-9996-D187E4C93844}.Debug|Any CPU.ActiveCfg = Debug|Any CPU
		{9D238188-60A4-4C63-9996-D187E4C93844}.Debug|Any CPU.Build.0 = Debug|Any CPU
		{9D238188-60A4-4C63-9996-D187E4C93844}.Debug|x64.ActiveCfg = Debug|Any CPU
		{9D238188-60A4-4C63-9996-D187E4C93844}.Debug|x64.Build.0 = Debug|Any CPU
		{9D238188-60A4-4C63-9996-D187E4C93844}.Debug|x86.ActiveCfg = Debug|Any CPU
		{9D238188-60A4-4C63-9996-D187E4C93844}.Debug|x86.Build.0 = Debug|Any CPU
		{9D238188-60A4-4C63-9996-D187E4C93844}.Release|Any CPU.ActiveCfg = Release|Any CPU
		{9D238188-60A4-4C63-9996-D187E4C93844}.Release|Any CPU.Build.0 = Release|Any CPU
		{9D238188-60A4-4C63-9996-D187E4C93844}.Release|x64.ActiveCfg = Release|Any CPU
		{9D238188-60A4-4C63-9996-D187E4C93844}.Release|x64.Build.0 = Release|Any CPU
		{9D238188-60A4-4C63-9996-D187E4C93844}.Release|x86.ActiveCfg = Release|Any CPU
		{9D238188-60A4-4C63-9996-D187E4C93844}.Release|x86.Build.0 = Release|Any CPU
		{A2CDB3C6-A1A6-4355-AA58-401576B286D9}.Debug|Any CPU.ActiveCfg = Debug|Any CPU
		{A2CDB3C6-A1A6-4355-AA58-401576B286D9}.Debug|Any CPU.Build.0 = Debug|Any CPU
		{A2CDB3C6-A1A6-4355-AA58-401576B286D9}.Debug|x64.ActiveCfg = Debug|Any CPU
		{A2CDB3C6-A1A6-4355-AA58-401576B286D9}.Debug|x64.Build.0 = Debug|Any CPU
		{A2CDB3C6-A1A6-4355-AA58-401576B286D9}.Debug|x86.ActiveCfg = Debug|Any CPU
		{A2CDB3C6-A1A6-4355-AA58-401576B286D9}.Debug|x86.Build.0 = Debug|Any CPU
		{A2CDB3C6-A1A6-4355-AA58-401576B286D9}.Release|Any CPU.ActiveCfg = Release|Any CPU
		{A2CDB3C6-A1A6-4355-AA58-401576B286D9}.Release|Any CPU.Build.0 = Release|Any CPU
		{A2CDB3C6-A1A6-4355-AA58-401576B286D9}.Release|x64.ActiveCfg = Release|Any CPU
		{A2CDB3C6-A1A6-4355-AA58-401576B286D9}.Release|x64.Build.0 = Release|Any CPU
		{A2CDB3C6-A1A6-4355-AA58-401576B286D9}.Release|x86.ActiveCfg = Release|Any CPU
		{A2CDB3C6-A1A6-4355-AA58-401576B286D9}.Release|x86.Build.0 = Release|Any CPU
		{76D0E84B-FE62-4A49-A959-E206A572D8C2}.Debug|Any CPU.ActiveCfg = Debug|Any CPU
		{76D0E84B-FE62-4A49-A959-E206A572D8C2}.Debug|Any CPU.Build.0 = Debug|Any CPU
		{76D0E84B-FE62-4A49-A959-E206A572D8C2}.Debug|x64.ActiveCfg = Debug|Any CPU
		{76D0E84B-FE62-4A49-A959-E206A572D8C2}.Debug|x64.Build.0 = Debug|Any CPU
		{76D0E84B-FE62-4A49-A959-E206A572D8C2}.Debug|x86.ActiveCfg = Debug|Any CPU
		{76D0E84B-FE62-4A49-A959-E206A572D8C2}.Debug|x86.Build.0 = Debug|Any CPU
		{76D0E84B-FE62-4A49-A959-E206A572D8C2}.Release|Any CPU.ActiveCfg = Release|Any CPU
		{76D0E84B-FE62-4A49-A959-E206A572D8C2}.Release|Any CPU.Build.0 = Release|Any CPU
		{76D0E84B-FE62-4A49-A959-E206A572D8C2}.Release|x64.ActiveCfg = Release|Any CPU
		{76D0E84B-FE62-4A49-A959-E206A572D8C2}.Release|x64.Build.0 = Release|Any CPU
		{76D0E84B-FE62-4A49-A959-E206A572D8C2}.Release|x86.ActiveCfg = Release|Any CPU
		{76D0E84B-FE62-4A49-A959-E206A572D8C2}.Release|x86.Build.0 = Release|Any CPU
		{3686194D-2D90-4C77-89C5-71FB9BCA68D0}.Debug|Any CPU.ActiveCfg = Debug|Any CPU
		{3686194D-2D90-4C77-89C5-71FB9BCA68D0}.Debug|Any CPU.Build.0 = Debug|Any CPU
		{3686194D-2D90-4C77-89C5-71FB9BCA68D0}.Debug|x64.ActiveCfg = Debug|Any CPU
		{3686194D-2D90-4C77-89C5-71FB9BCA68D0}.Debug|x64.Build.0 = Debug|Any CPU
		{3686194D-2D90-4C77-89C5-71FB9BCA68D0}.Debug|x86.ActiveCfg = Debug|Any CPU
		{3686194D-2D90-4C77-89C5-71FB9BCA68D0}.Debug|x86.Build.0 = Debug|Any CPU
		{3686194D-2D90-4C77-89C5-71FB9BCA68D0}.Release|Any CPU.ActiveCfg = Release|Any CPU
		{3686194D-2D90-4C77-89C5-71FB9BCA68D0}.Release|Any CPU.Build.0 = Release|Any CPU
		{3686194D-2D90-4C77-89C5-71FB9BCA68D0}.Release|x64.ActiveCfg = Release|Any CPU
		{3686194D-2D90-4C77-89C5-71FB9BCA68D0}.Release|x64.Build.0 = Release|Any CPU
		{3686194D-2D90-4C77-89C5-71FB9BCA68D0}.Release|x86.ActiveCfg = Release|Any CPU
		{3686194D-2D90-4C77-89C5-71FB9BCA68D0}.Release|x86.Build.0 = Release|Any CPU
	EndGlobalSection
	GlobalSection(SolutionProperties) = preSolution
		HideSolutionNode = FALSE
	EndGlobalSection
	GlobalSection(NestedProjects) = preSolution
		{69BD4763-4BFD-4C54-BE59-4883138A0925} = {90A763B0-FA1A-4931-A7F2-E4329A07E8A4}
		{334C0E8C-7347-4C04-ACA3-FCE9C95F8928} = {69BD4763-4BFD-4C54-BE59-4883138A0925}
		{4380AC51-6B86-4A8E-9D08-4AE4A7DCB7A4} = {90A763B0-FA1A-4931-A7F2-E4329A07E8A4}
		{D031E4A2-0740-4DD9-B4FF-BB59139C7DDE} = {4380AC51-6B86-4A8E-9D08-4AE4A7DCB7A4}
		{2FBBD62D-7F29-4DB2-82FC-D3A5CB302AA6} = {4380AC51-6B86-4A8E-9D08-4AE4A7DCB7A4}
		{B4E1F865-16C6-4B96-8FD7-CA87D2232A08} = {90A763B0-FA1A-4931-A7F2-E4329A07E8A4}
		{4A5055B0-C85C-4B3F-987A-C2C616C2110A} = {B4E1F865-16C6-4B96-8FD7-CA87D2232A08}
		{37708DEB-5479-4CA5-9625-6E0C26D21BEE} = {B4E1F865-16C6-4B96-8FD7-CA87D2232A08}
		{073171A8-65F1-4D90-9300-F158228B156F} = {B4E1F865-16C6-4B96-8FD7-CA87D2232A08}
		{5E593E8F-9B40-42E7-AA60-F8EDC2A7316A} = {B4E1F865-16C6-4B96-8FD7-CA87D2232A08}
		{097B182A-E635-4EDE-A27A-A11B7385009C} = {90A763B0-FA1A-4931-A7F2-E4329A07E8A4}
		{9D238188-60A4-4C63-9996-D187E4C93844} = {097B182A-E635-4EDE-A27A-A11B7385009C}
		{A2CDB3C6-A1A6-4355-AA58-401576B286D9} = {097B182A-E635-4EDE-A27A-A11B7385009C}
		{76D0E84B-FE62-4A49-A959-E206A572D8C2} = {097B182A-E635-4EDE-A27A-A11B7385009C}
		{101D7C3C-6646-45BB-932C-97E878F69CA9} = {361AC86F-5583-4B28-9258-1FE41AFF6934}
		{3686194D-2D90-4C77-89C5-71FB9BCA68D0} = {101D7C3C-6646-45BB-932C-97E878F69CA9}
	EndGlobalSection
	GlobalSection(ExtensibilityGlobals) = postSolution
		SolutionGuid = {5867BB39-2E3A-4BA1-8AB7-DF14397AA1EC}
	EndGlobalSection
EndGlobal
