
Microsoft Visual Studio Solution File, Format Version 12.00
# Visual Studio 15
VisualStudioVersion = 15.0.26124.0
MinimumVisualStudioVersion = 15.0.26124.0
Project("{FAE04EC0-301F-11D3-BF4B-00C04F79EFBC}") = "AppSettings", "AppSettings\AppSettings.csproj", "{1071D8F7-C9FD-46DD-9694-7B23E85D2A03}"
EndProject
Global
	GlobalSection(SolutionConfigurationPlatforms) = preSolution
		Debug|Any CPU = Debug|Any CPU
		Debug|x64 = Debug|x64
		Debug|x86 = Debug|x86
		Release|Any CPU = Release|Any CPU
		Release|x64 = Release|x64
		Release|x86 = Release|x86
	EndGlobalSection
	GlobalSection(ProjectConfigurationPlatforms) = postSolution
		{1071D8F7-C9FD-46DD-9694-7B23E85D2A03}.Debug|Any CPU.ActiveCfg = Debug|Any CPU
		{1071D8F7-C9FD-46DD-9694-7B23E85D2A03}.Debug|Any CPU.Build.0 = Debug|Any CPU
		{1071D8F7-C9FD-46DD-9694-7B23E85D2A03}.Debug|x64.ActiveCfg = Debug|Any CPU
		{1071D8F7-C9FD-46DD-9694-7B23E85D2A03}.Debug|x64.Build.0 = Debug|Any CPU
		{1071D8F7-C9FD-46DD-9694-7B23E85D2A03}.Debug|x86.ActiveCfg = Debug|Any CPU
		{1071D8F7-C9FD-46DD-9694-7B23E85D2A03}.Debug|x86.Build.0 = Debug|Any CPU
		{1071D8F7-C9FD-46DD-9694-7B23E85D2A03}.Release|Any CPU.ActiveCfg = Release|Any CPU
		{1071D8F7-C9FD-46DD-9694-7B23E85D2A03}.Release|Any CPU.Build.0 = Release|Any CPU
		{1071D8F7-C9FD-46DD-9694-7B23E85D2A03}.Release|x64.ActiveCfg = Release|Any CPU
		{1071D8F7-C9FD-46DD-9694-7B23E85D2A03}.Release|x64.Build.0 = Release|Any CPU
		{1071D8F7-C9FD-46DD-9694-7B23E85D2A03}.Release|x86.ActiveCfg = Release|Any CPU
		{1071D8F7-C9FD-46DD-9694-7B23E85D2A03}.Release|x86.Build.0 = Release|Any CPU
	EndGlobalSection
	GlobalSection(SolutionProperties) = preSolution
		HideSolutionNode = FALSE
	EndGlobalSection
	GlobalSection(ExtensibilityGlobals) = postSolution
		SolutionGuid = {F35B18A2-7517-4EA3-B049-E366A3846DF0}
	EndGlobalSection
EndGlobal
