
Microsoft Visual Studio Solution File, Format Version 12.00
# Visual Studio Version 16
VisualStudioVersion = 16.0.29230.47
MinimumVisualStudioVersion = 15.0.26124.0
Project("{FAE04EC0-301F-11D3-BF4B-00C04F79EFBC}") = "Ahorro", "Ahorro\Ahorro.csproj", "{36B7BE20-6D6F-42D7-8BF3-3D6D0011F608}"
EndProject
Global
	GlobalSection(SolutionConfigurationPlatforms) = preSolution
		Debug|Any CPU = Debug|Any CPU
		Debug|x64 = Debug|x64
		Debug|x86 = Debug|x86
		Release|Any CPU = Release|Any CPU
		Release|x64 = Release|x64
		Release|x86 = Release|x86
	EndGlobalSection
	GlobalSection(ProjectConfigurationPlatforms) = postSolution
		{36B7BE20-6D6F-42D7-8BF3-3D6D0011F608}.Debug|Any CPU.ActiveCfg = Debug|Any CPU
		{36B7BE20-6D6F-42D7-8BF3-3D6D0011F608}.Debug|Any CPU.Build.0 = Debug|Any CPU
		{36B7BE20-6D6F-42D7-8BF3-3D6D0011F608}.Debug|x64.ActiveCfg = Debug|Any CPU
		{36B7BE20-6D6F-42D7-8BF3-3D6D0011F608}.Debug|x64.Build.0 = Debug|Any CPU
		{36B7BE20-6D6F-42D7-8BF3-3D6D0011F608}.Debug|x86.ActiveCfg = Debug|Any CPU
		{36B7BE20-6D6F-42D7-8BF3-3D6D0011F608}.Debug|x86.Build.0 = Debug|Any CPU
		{36B7BE20-6D6F-42D7-8BF3-3D6D0011F608}.Release|Any CPU.ActiveCfg = Release|Any CPU
		{36B7BE20-6D6F-42D7-8BF3-3D6D0011F608}.Release|Any CPU.Build.0 = Release|Any CPU
		{36B7BE20-6D6F-42D7-8BF3-3D6D0011F608}.Release|x64.ActiveCfg = Release|Any CPU
		{36B7BE20-6D6F-42D7-8BF3-3D6D0011F608}.Release|x64.Build.0 = Release|Any CPU
		{36B7BE20-6D6F-42D7-8BF3-3D6D0011F608}.Release|x86.ActiveCfg = Release|Any CPU
		{36B7BE20-6D6F-42D7-8BF3-3D6D0011F608}.Release|x86.Build.0 = Release|Any CPU
	EndGlobalSection
	GlobalSection(SolutionProperties) = preSolution
		HideSolutionNode = FALSE
	EndGlobalSection
	GlobalSection(ExtensibilityGlobals) = postSolution
		SolutionGuid = {8F481107-A75E-4583-8D4E-23CE2413C26F}
	EndGlobalSection
EndGlobal
